
Microsoft Visual Studio Solution File, Format Version 12.00
# Visual Studio Version 16
VisualStudioVersion = 16.0.33328.57
MinimumVisualStudioVersion = 10.0.40219.1
Project("{FAE04EC0-301F-11D3-BF4B-00C04F79EFBC}") = "WpfApp1", "WpfApp1\WpfApp1.csproj", "{53CC3967-6FC6-4799-8A41-D535F4B3E0A2}"
EndProject
Global
	GlobalSection(SolutionConfigurationPlatforms) = preSolution
		Debug|Any CPU = Debug|Any CPU
		Release|Any CPU = Release|Any CPU
	EndGlobalSection
	GlobalSection(ProjectConfigurationPlatforms) = postSolution
		{53CC3967-6FC6-4799-8A41-D535F4B3E0A2}.Debug|Any CPU.ActiveCfg = Debug|Any CPU
		{53CC3967-6FC6-4799-8A41-D535F4B3E0A2}.Debug|Any CPU.Build.0 = Debug|Any CPU
		{53CC3967-6FC6-4799-8A41-D535F4B3E0A2}.Release|Any CPU.ActiveCfg = Release|Any CPU
		{53CC3967-6FC6-4799-8A41-D535F4B3E0A2}.Release|Any CPU.Build.0 = Release|Any CPU
	EndGlobalSection
	GlobalSection(SolutionProperties) = preSolution
		HideSolutionNode = FALSE
	EndGlobalSection
	GlobalSection(ExtensibilityGlobals) = postSolution
		SolutionGuid = {33FE9D19-5A11-47BB-B2E5-9BDA58F1CD63}
	EndGlobalSection
EndGlobal
